// !$*UTF8*$!
{
	archiveVersion = 1;
	classes = {
	};
	objectVersion = 46;
	objects = {

/* Begin PBXBuildFile section */
		3B51316F3A1ACF119DF08242 /* Pods_AlarmApp.framework in Frameworks */ = {isa = PBXBuildFile; fileRef = 66D4BF94E57937B7F0BD5881 /* Pods_AlarmApp.framework */; };
		B11D45E81D75588500E685C4 /* PySwiftyRegex.framework in Frameworks */ = {isa = PBXBuildFile; fileRef = B11D45E71D75588500E685C4 /* PySwiftyRegex.framework */; };
		B11D45E91D75588500E685C4 /* PySwiftyRegex.framework in Embed Frameworks */ = {isa = PBXBuildFile; fileRef = B11D45E71D75588500E685C4 /* PySwiftyRegex.framework */; settings = {ATTRIBUTES = (CodeSignOnCopy, RemoveHeadersOnCopy, ); }; };
		B128BF811D55B3D40067C1E5 /* 天使の夢.mp3 in Resources */ = {isa = PBXBuildFile; fileRef = B128BF801D55B3D40067C1E5 /* 天使の夢.mp3 */; };
		B128BF831D55B3DA0067C1E5 /* 夢見るクジラ.mp3 in Resources */ = {isa = PBXBuildFile; fileRef = B128BF821D55B3DA0067C1E5 /* 夢見るクジラ.mp3 */; };
		B128BF851D55B3DF0067C1E5 /* 南十字星.mp3 in Resources */ = {isa = PBXBuildFile; fileRef = B128BF841D55B3DF0067C1E5 /* 南十字星.mp3 */; };
		B128BF871D55B3E50067C1E5 /* 森を流れる川.mp3 in Resources */ = {isa = PBXBuildFile; fileRef = B128BF861D55B3E50067C1E5 /* 森を流れる川.mp3 */; };
		B128BF891D55B3EB0067C1E5 /* 神々の宿る場所.mp3 in Resources */ = {isa = PBXBuildFile; fileRef = B128BF881D55B3EB0067C1E5 /* 神々の宿る場所.mp3 */; };
		B128BF8B1D55B3F20067C1E5 /* スフィンクス.mp3 in Resources */ = {isa = PBXBuildFile; fileRef = B128BF8A1D55B3F20067C1E5 /* スフィンクス.mp3 */; };
		B128BF8D1D55B3F70067C1E5 /* 小春日和.mp3 in Resources */ = {isa = PBXBuildFile; fileRef = B128BF8C1D55B3F70067C1E5 /* 小春日和.mp3 */; };
		B128BF8F1D55B3FC0067C1E5 /* 春の予感.mp3 in Resources */ = {isa = PBXBuildFile; fileRef = B128BF8E1D55B3FC0067C1E5 /* 春の予感.mp3 */; };
		B128C02F1D5873A40067C1E5 /* TableViewCell2.swift in Sources */ = {isa = PBXBuildFile; fileRef = B128C02E1D5873A40067C1E5 /* TableViewCell2.swift */; };
		B128C04F1D5955650067C1E5 /* TableViewCell3.swift in Sources */ = {isa = PBXBuildFile; fileRef = B128C04E1D5955650067C1E5 /* TableViewCell3.swift */; };
		B1780B501D66B28C00EFA992 /* Chart2ViewController.swift in Sources */ = {isa = PBXBuildFile; fileRef = B1780B4F1D66B28C00EFA992 /* Chart2ViewController.swift */; };
		B1A134A11D5C638E0035F9D5 /* GraphView.swift in Sources */ = {isa = PBXBuildFile; fileRef = B1A134A01D5C638E0035F9D5 /* GraphView.swift */; };
		B1AC1C261C76A3FF0078EDA0 /* AppDelegate.swift in Sources */ = {isa = PBXBuildFile; fileRef = B1AC1C251C76A3FF0078EDA0 /* AppDelegate.swift */; };
		B1AC1C281C76A3FF0078EDA0 /* FirstViewController.swift in Sources */ = {isa = PBXBuildFile; fileRef = B1AC1C271C76A3FF0078EDA0 /* FirstViewController.swift */; };
		B1AC1C2D1C76A3FF0078EDA0 /* Main.storyboard in Resources */ = {isa = PBXBuildFile; fileRef = B1AC1C2B1C76A3FF0078EDA0 /* Main.storyboard */; };
		B1AC1C2F1C76A3FF0078EDA0 /* Assets.xcassets in Resources */ = {isa = PBXBuildFile; fileRef = B1AC1C2E1C76A3FF0078EDA0 /* Assets.xcassets */; };
		B1AC1C321C76A3FF0078EDA0 /* LaunchScreen.storyboard in Resources */ = {isa = PBXBuildFile; fileRef = B1AC1C301C76A3FF0078EDA0 /* LaunchScreen.storyboard */; };
		B1AC1C3A1C76A61D0078EDA0 /* SettingsViewController.swift in Sources */ = {isa = PBXBuildFile; fileRef = B1AC1C391C76A61D0078EDA0 /* SettingsViewController.swift */; };
		B1AC1C3C1C76AC290078EDA0 /* test.mp3 in Resources */ = {isa = PBXBuildFile; fileRef = B1AC1C3B1C76AC290078EDA0 /* test.mp3 */; };
		B1B369901C911B7A00BFD7CD /* SleepLog.swift in Sources */ = {isa = PBXBuildFile; fileRef = B1B3698F1C911B7A00BFD7CD /* SleepLog.swift */; };
		B1B7B85F1C7DAE1F00EB293C /* ModalViewController.swift in Sources */ = {isa = PBXBuildFile; fileRef = B1B7B85E1C7DAE1F00EB293C /* ModalViewController.swift */; };
		B1DA630B1C7ED01C005EE71D /* GameViewController.swift in Sources */ = {isa = PBXBuildFile; fileRef = B1DA630A1C7ED01C005EE71D /* GameViewController.swift */; };
/* End PBXBuildFile section */

/* Begin PBXCopyFilesBuildPhase section */
		B11D45EA1D75588500E685C4 /* Embed Frameworks */ = {
			isa = PBXCopyFilesBuildPhase;
			buildActionMask = 2147483647;
			dstPath = "";
			dstSubfolderSpec = 10;
			files = (
				B11D45E91D75588500E685C4 /* PySwiftyRegex.framework in Embed Frameworks */,
			);
			name = "Embed Frameworks";
			runOnlyForDeploymentPostprocessing = 0;
		};
/* End PBXCopyFilesBuildPhase section */

/* Begin PBXFileReference section */
		35A4598FBD9E91B651A83860 /* Pods-AlarmApp.release.xcconfig */ = {isa = PBXFileReference; includeInIndex = 1; lastKnownFileType = text.xcconfig; name = "Pods-AlarmApp.release.xcconfig"; path = "Pods/Target Support Files/Pods-AlarmApp/Pods-AlarmApp.release.xcconfig"; sourceTree = "<group>"; };
		454B4C5F471B0678CE07D45B /* Pods-AlarmApp.debug.xcconfig */ = {isa = PBXFileReference; includeInIndex = 1; lastKnownFileType = text.xcconfig; name = "Pods-AlarmApp.debug.xcconfig"; path = "Pods/Target Support Files/Pods-AlarmApp/Pods-AlarmApp.debug.xcconfig"; sourceTree = "<group>"; };
		66D4BF94E57937B7F0BD5881 /* Pods_AlarmApp.framework */ = {isa = PBXFileReference; explicitFileType = wrapper.framework; includeInIndex = 0; path = Pods_AlarmApp.framework; sourceTree = BUILT_PRODUCTS_DIR; };
		B11D45E71D75588500E685C4 /* PySwiftyRegex.framework */ = {isa = PBXFileReference; lastKnownFileType = wrapper.framework; name = PySwiftyRegex.framework; path = Carthage/Build/iOS/PySwiftyRegex.framework; sourceTree = "<group>"; };
		B128BF801D55B3D40067C1E5 /* 天使の夢.mp3 */ = {isa = PBXFileReference; lastKnownFileType = audio.mp3; path = "天使の夢.mp3"; sourceTree = "<group>"; };
		B128BF821D55B3DA0067C1E5 /* 夢見るクジラ.mp3 */ = {isa = PBXFileReference; lastKnownFileType = audio.mp3; path = "夢見るクジラ.mp3"; sourceTree = "<group>"; };
		B128BF841D55B3DF0067C1E5 /* 南十字星.mp3 */ = {isa = PBXFileReference; lastKnownFileType = audio.mp3; path = "南十字星.mp3"; sourceTree = "<group>"; };
		B128BF861D55B3E50067C1E5 /* 森を流れる川.mp3 */ = {isa = PBXFileReference; lastKnownFileType = audio.mp3; path = "森を流れる川.mp3"; sourceTree = "<group>"; };
		B128BF881D55B3EB0067C1E5 /* 神々の宿る場所.mp3 */ = {isa = PBXFileReference; lastKnownFileType = audio.mp3; path = "神々の宿る場所.mp3"; sourceTree = "<group>"; };
		B128BF8A1D55B3F20067C1E5 /* スフィンクス.mp3 */ = {isa = PBXFileReference; lastKnownFileType = audio.mp3; path = "スフィンクス.mp3"; sourceTree = "<group>"; };
		B128BF8C1D55B3F70067C1E5 /* 小春日和.mp3 */ = {isa = PBXFileReference; lastKnownFileType = audio.mp3; path = "小春日和.mp3"; sourceTree = "<group>"; };
		B128BF8E1D55B3FC0067C1E5 /* 春の予感.mp3 */ = {isa = PBXFileReference; lastKnownFileType = audio.mp3; path = "春の予感.mp3"; sourceTree = "<group>"; };
		B128C02E1D5873A40067C1E5 /* TableViewCell2.swift */ = {isa = PBXFileReference; fileEncoding = 4; lastKnownFileType = sourcecode.swift; path = TableViewCell2.swift; sourceTree = "<group>"; };
		B128C04E1D5955650067C1E5 /* TableViewCell3.swift */ = {isa = PBXFileReference; fileEncoding = 4; lastKnownFileType = sourcecode.swift; path = TableViewCell3.swift; sourceTree = "<group>"; };
		B1780B4F1D66B28C00EFA992 /* Chart2ViewController.swift */ = {isa = PBXFileReference; fileEncoding = 4; lastKnownFileType = sourcecode.swift; path = Chart2ViewController.swift; sourceTree = "<group>"; };
		B1A134A01D5C638E0035F9D5 /* GraphView.swift */ = {isa = PBXFileReference; fileEncoding = 4; lastKnownFileType = sourcecode.swift; path = GraphView.swift; sourceTree = "<group>"; };
		B1AC1C221C76A3FF0078EDA0 /* AlarmApp.app */ = {isa = PBXFileReference; explicitFileType = wrapper.application; includeInIndex = 0; path = AlarmApp.app; sourceTree = BUILT_PRODUCTS_DIR; };
		B1AC1C251C76A3FF0078EDA0 /* AppDelegate.swift */ = {isa = PBXFileReference; lastKnownFileType = sourcecode.swift; path = AppDelegate.swift; sourceTree = "<group>"; };
		B1AC1C271C76A3FF0078EDA0 /* FirstViewController.swift */ = {isa = PBXFileReference; lastKnownFileType = sourcecode.swift; path = FirstViewController.swift; sourceTree = "<group>"; };
		B1AC1C2C1C76A3FF0078EDA0 /* Base */ = {isa = PBXFileReference; lastKnownFileType = file.storyboard; name = Base; path = Base.lproj/Main.storyboard; sourceTree = "<group>"; };
		B1AC1C2E1C76A3FF0078EDA0 /* Assets.xcassets */ = {isa = PBXFileReference; lastKnownFileType = folder.assetcatalog; path = Assets.xcassets; sourceTree = "<group>"; };
		B1AC1C311C76A3FF0078EDA0 /* Base */ = {isa = PBXFileReference; lastKnownFileType = file.storyboard; name = Base; path = Base.lproj/LaunchScreen.storyboard; sourceTree = "<group>"; };
		B1AC1C331C76A3FF0078EDA0 /* Info.plist */ = {isa = PBXFileReference; lastKnownFileType = text.plist.xml; path = Info.plist; sourceTree = "<group>"; };
		B1AC1C391C76A61D0078EDA0 /* SettingsViewController.swift */ = {isa = PBXFileReference; fileEncoding = 4; lastKnownFileType = sourcecode.swift; path = SettingsViewController.swift; sourceTree = "<group>"; };
		B1AC1C3B1C76AC290078EDA0 /* test.mp3 */ = {isa = PBXFileReference; lastKnownFileType = audio.mp3; path = test.mp3; sourceTree = "<group>"; };
		B1B3698F1C911B7A00BFD7CD /* SleepLog.swift */ = {isa = PBXFileReference; fileEncoding = 4; lastKnownFileType = sourcecode.swift; path = SleepLog.swift; sourceTree = "<group>"; };
		B1B7B85E1C7DAE1F00EB293C /* ModalViewController.swift */ = {isa = PBXFileReference; fileEncoding = 4; lastKnownFileType = sourcecode.swift; path = ModalViewController.swift; sourceTree = "<group>"; };
		B1DA630A1C7ED01C005EE71D /* GameViewController.swift */ = {isa = PBXFileReference; fileEncoding = 4; lastKnownFileType = sourcecode.swift; path = GameViewController.swift; sourceTree = "<group>"; };
		BB30BEFC32ABE3D57D70ED54 /* Pods.framework */ = {isa = PBXFileReference; explicitFileType = wrapper.framework; includeInIndex = 0; path = Pods.framework; sourceTree = BUILT_PRODUCTS_DIR; };
/* End PBXFileReference section */

/* Begin PBXFrameworksBuildPhase section */
		B1AC1C1F1C76A3FF0078EDA0 /* Frameworks */ = {
			isa = PBXFrameworksBuildPhase;
			buildActionMask = 2147483647;
			files = (
				3B51316F3A1ACF119DF08242 /* Pods_AlarmApp.framework in Frameworks */,
				B11D45E81D75588500E685C4 /* PySwiftyRegex.framework in Frameworks */,
			);
			runOnlyForDeploymentPostprocessing = 0;
		};
/* End PBXFrameworksBuildPhase section */

/* Begin PBXGroup section */
		9E590A65846C82A4E9BB25B3 /* Pods */ = {
			isa = PBXGroup;
			children = (
				454B4C5F471B0678CE07D45B /* Pods-AlarmApp.debug.xcconfig */,
				35A4598FBD9E91B651A83860 /* Pods-AlarmApp.release.xcconfig */,
			);
			name = Pods;
			sourceTree = "<group>";
		};
		B128BF7F1D55B2AE0067C1E5 /* musics */ = {
			isa = PBXGroup;
			children = (
				B1AC1C3B1C76AC290078EDA0 /* test.mp3 */,
				B128BF801D55B3D40067C1E5 /* 天使の夢.mp3 */,
				B128BF821D55B3DA0067C1E5 /* 夢見るクジラ.mp3 */,
				B128BF841D55B3DF0067C1E5 /* 南十字星.mp3 */,
				B128BF881D55B3EB0067C1E5 /* 神々の宿る場所.mp3 */,
				B128BF861D55B3E50067C1E5 /* 森を流れる川.mp3 */,
				B128BF8A1D55B3F20067C1E5 /* スフィンクス.mp3 */,
				B128BF8E1D55B3FC0067C1E5 /* 春の予感.mp3 */,
				B128BF8C1D55B3F70067C1E5 /* 小春日和.mp3 */,
			);
			name = musics;
			sourceTree = "<group>";
		};
		B1AC1C191C76A3FF0078EDA0 = {
			isa = PBXGroup;
			children = (
				B11D45E71D75588500E685C4 /* PySwiftyRegex.framework */,
				B1AC1C241C76A3FF0078EDA0 /* AlarmApp */,
				B1AC1C231C76A3FF0078EDA0 /* Products */,
				C34C9DA2DCAB2BD01B6E1B02 /* Frameworks */,
				9E590A65846C82A4E9BB25B3 /* Pods */,
			);
			sourceTree = "<group>";
		};
		B1AC1C231C76A3FF0078EDA0 /* Products */ = {
			isa = PBXGroup;
			children = (
				B1AC1C221C76A3FF0078EDA0 /* AlarmApp.app */,
			);
			name = Products;
			sourceTree = "<group>";
		};
		B1AC1C241C76A3FF0078EDA0 /* AlarmApp */ = {
			isa = PBXGroup;
			children = (
				B128BF7F1D55B2AE0067C1E5 /* musics */,
				B1AC1C251C76A3FF0078EDA0 /* AppDelegate.swift */,
				B1AC1C271C76A3FF0078EDA0 /* FirstViewController.swift */,
				B1B7B85E1C7DAE1F00EB293C /* ModalViewController.swift */,
				B1DA630A1C7ED01C005EE71D /* GameViewController.swift */,
				B1780B4F1D66B28C00EFA992 /* Chart2ViewController.swift */,
				B1A134A01D5C638E0035F9D5 /* GraphView.swift */,
				B1AC1C391C76A61D0078EDA0 /* SettingsViewController.swift */,
				B128C02E1D5873A40067C1E5 /* TableViewCell2.swift */,
				B128C04E1D5955650067C1E5 /* TableViewCell3.swift */,
				B1AC1C2B1C76A3FF0078EDA0 /* Main.storyboard */,
				B1AC1C2E1C76A3FF0078EDA0 /* Assets.xcassets */,
				B1AC1C301C76A3FF0078EDA0 /* LaunchScreen.storyboard */,
				B1AC1C331C76A3FF0078EDA0 /* Info.plist */,
				B1B3698F1C911B7A00BFD7CD /* SleepLog.swift */,
			);
			name = AlarmApp;
			path = tabTest;
			sourceTree = "<group>";
		};
		C34C9DA2DCAB2BD01B6E1B02 /* Frameworks */ = {
			isa = PBXGroup;
			children = (
				BB30BEFC32ABE3D57D70ED54 /* Pods.framework */,
				66D4BF94E57937B7F0BD5881 /* Pods_AlarmApp.framework */,
			);
			name = Frameworks;
			sourceTree = "<group>";
		};
/* End PBXGroup section */

/* Begin PBXNativeTarget section */
		B1AC1C211C76A3FF0078EDA0 /* AlarmApp */ = {
			isa = PBXNativeTarget;
			buildConfigurationList = B1AC1C361C76A3FF0078EDA0 /* Build configuration list for PBXNativeTarget "AlarmApp" */;
			buildPhases = (
				BF65EE615933469CC7FB72A2 /* 📦 Check Pods Manifest.lock */,
				B1AC1C1E1C76A3FF0078EDA0 /* Sources */,
				B1AC1C1F1C76A3FF0078EDA0 /* Frameworks */,
				B1AC1C201C76A3FF0078EDA0 /* Resources */,
				4C1397A9B4E97AB35DBDE880 /* 📦 Embed Pods Frameworks */,
				0F0E76CE74DA1EBDB6B4C075 /* 📦 Copy Pods Resources */,
				B11D45EA1D75588500E685C4 /* Embed Frameworks */,
				B11D45EB1D7558DE00E685C4 /* ShellScript */,
			);
			buildRules = (
			);
			dependencies = (
			);
			name = AlarmApp;
			productName = tabTest;
			productReference = B1AC1C221C76A3FF0078EDA0 /* AlarmApp.app */;
			productType = "com.apple.product-type.application";
		};
/* End PBXNativeTarget section */

/* Begin PBXProject section */
		B1AC1C1A1C76A3FF0078EDA0 /* Project object */ = {
			isa = PBXProject;
			attributes = {
				LastSwiftUpdateCheck = 0720;
				LastUpgradeCheck = 0720;
				ORGANIZATIONNAME = TsuyoshiTonobe;
				TargetAttributes = {
					B1AC1C211C76A3FF0078EDA0 = {
						CreatedOnToolsVersion = 7.2.1;
						DevelopmentTeam = F98B7Z5MMA;
					};
				};
			};
			buildConfigurationList = B1AC1C1D1C76A3FF0078EDA0 /* Build configuration list for PBXProject "AlarmApp" */;
			compatibilityVersion = "Xcode 3.2";
			developmentRegion = English;
			hasScannedForEncodings = 0;
			knownRegions = (
				en,
				Base,
			);
			mainGroup = B1AC1C191C76A3FF0078EDA0;
			productRefGroup = B1AC1C231C76A3FF0078EDA0 /* Products */;
			projectDirPath = "";
			projectRoot = "";
			targets = (
				B1AC1C211C76A3FF0078EDA0 /* AlarmApp */,
			);
		};
/* End PBXProject section */

/* Begin PBXResourcesBuildPhase section */
		B1AC1C201C76A3FF0078EDA0 /* Resources */ = {
			isa = PBXResourcesBuildPhase;
			buildActionMask = 2147483647;
			files = (
				B128BF891D55B3EB0067C1E5 /* 神々の宿る場所.mp3 in Resources */,
				B128BF8D1D55B3F70067C1E5 /* 小春日和.mp3 in Resources */,
				B1AC1C321C76A3FF0078EDA0 /* LaunchScreen.storyboard in Resources */,
				B128BF811D55B3D40067C1E5 /* 天使の夢.mp3 in Resources */,
				B1AC1C2F1C76A3FF0078EDA0 /* Assets.xcassets in Resources */,
				B128BF8B1D55B3F20067C1E5 /* スフィンクス.mp3 in Resources */,
				B128BF851D55B3DF0067C1E5 /* 南十字星.mp3 in Resources */,
				B1AC1C3C1C76AC290078EDA0 /* test.mp3 in Resources */,
				B128BF8F1D55B3FC0067C1E5 /* 春の予感.mp3 in Resources */,
				B128BF871D55B3E50067C1E5 /* 森を流れる川.mp3 in Resources */,
				B1AC1C2D1C76A3FF0078EDA0 /* Main.storyboard in Resources */,
				B128BF831D55B3DA0067C1E5 /* 夢見るクジラ.mp3 in Resources */,
			);
			runOnlyForDeploymentPostprocessing = 0;
		};
/* End PBXResourcesBuildPhase section */

/* Begin PBXShellScriptBuildPhase section */
		0F0E76CE74DA1EBDB6B4C075 /* 📦 Copy Pods Resources */ = {
			isa = PBXShellScriptBuildPhase;
			buildActionMask = 2147483647;
			files = (
			);
			inputPaths = (
			);
			name = "📦 Copy Pods Resources";
			outputPaths = (
			);
			runOnlyForDeploymentPostprocessing = 0;
			shellPath = /bin/sh;
			shellScript = "\"${SRCROOT}/Pods/Target Support Files/Pods-AlarmApp/Pods-AlarmApp-resources.sh\"\n";
			showEnvVarsInLog = 0;
		};
		4C1397A9B4E97AB35DBDE880 /* 📦 Embed Pods Frameworks */ = {
			isa = PBXShellScriptBuildPhase;
			buildActionMask = 2147483647;
			files = (
			);
			inputPaths = (
			);
			name = "📦 Embed Pods Frameworks";
			outputPaths = (
			);
			runOnlyForDeploymentPostprocessing = 0;
			shellPath = /bin/sh;
			shellScript = "\"${SRCROOT}/Pods/Target Support Files/Pods-AlarmApp/Pods-AlarmApp-frameworks.sh\"\n";
			showEnvVarsInLog = 0;
		};
		B11D45EB1D7558DE00E685C4 /* ShellScript */ = {
			isa = PBXShellScriptBuildPhase;
			buildActionMask = 2147483647;
			files = (
			);
			inputPaths = (
				"$(SRCROOT)/Carthage/Build/iOS/PySwiftyRegex.framework",
			);
			outputPaths = (
			);
			runOnlyForDeploymentPostprocessing = 0;
			shellPath = /bin/sh;
			shellScript = "/usr/local/bin/Carthage copy-frameworks";
		};
		BF65EE615933469CC7FB72A2 /* 📦 Check Pods Manifest.lock */ = {
			isa = PBXShellScriptBuildPhase;
			buildActionMask = 2147483647;
			files = (
			);
			inputPaths = (
			);
			name = "📦 Check Pods Manifest.lock";
			outputPaths = (
			);
			runOnlyForDeploymentPostprocessing = 0;
			shellPath = /bin/sh;
			shellScript = "diff \"${PODS_ROOT}/../Podfile.lock\" \"${PODS_ROOT}/Manifest.lock\" > /dev/null\nif [[ $? != 0 ]] ; then\n    cat << EOM\nerror: The sandbox is not in sync with the Podfile.lock. Run 'pod install' or update your CocoaPods installation.\nEOM\n    exit 1\nfi\n";
			showEnvVarsInLog = 0;
		};
/* End PBXShellScriptBuildPhase section */

/* Begin PBXSourcesBuildPhase section */
		B1AC1C1E1C76A3FF0078EDA0 /* Sources */ = {
			isa = PBXSourcesBuildPhase;
			buildActionMask = 2147483647;
			files = (
				B128C02F1D5873A40067C1E5 /* TableViewCell2.swift in Sources */,
				B1B7B85F1C7DAE1F00EB293C /* ModalViewController.swift in Sources */,
				B1AC1C261C76A3FF0078EDA0 /* AppDelegate.swift in Sources */,
				B1780B501D66B28C00EFA992 /* Chart2ViewController.swift in Sources */,
				B1B369901C911B7A00BFD7CD /* SleepLog.swift in Sources */,
				B1A134A11D5C638E0035F9D5 /* GraphView.swift in Sources */,
				B1AC1C3A1C76A61D0078EDA0 /* SettingsViewController.swift in Sources */,
				B1DA630B1C7ED01C005EE71D /* GameViewController.swift in Sources */,
				B1AC1C281C76A3FF0078EDA0 /* FirstViewController.swift in Sources */,
				B128C04F1D5955650067C1E5 /* TableViewCell3.swift in Sources */,
			);
			runOnlyForDeploymentPostprocessing = 0;
		};
/* End PBXSourcesBuildPhase section */

/* Begin PBXVariantGroup section */
		B1AC1C2B1C76A3FF0078EDA0 /* Main.storyboard */ = {
			isa = PBXVariantGroup;
			children = (
				B1AC1C2C1C76A3FF0078EDA0 /* Base */,
			);
			name = Main.storyboard;
			sourceTree = "<group>";
		};
		B1AC1C301C76A3FF0078EDA0 /* LaunchScreen.storyboard */ = {
			isa = PBXVariantGroup;
			children = (
				B1AC1C311C76A3FF0078EDA0 /* Base */,
			);
			name = LaunchScreen.storyboard;
			sourceTree = "<group>";
		};
/* End PBXVariantGroup section */

/* Begin XCBuildConfiguration section */
		B1AC1C341C76A3FF0078EDA0 /* Debug */ = {
			isa = XCBuildConfiguration;
			buildSettings = {
				ALWAYS_SEARCH_USER_PATHS = NO;
				CLANG_CXX_LANGUAGE_STANDARD = "gnu++0x";
				CLANG_CXX_LIBRARY = "libc++";
				CLANG_ENABLE_MODULES = YES;
				CLANG_ENABLE_OBJC_ARC = YES;
				CLANG_WARN_BOOL_CONVERSION = YES;
				CLANG_WARN_CONSTANT_CONVERSION = YES;
				CLANG_WARN_DIRECT_OBJC_ISA_USAGE = YES_ERROR;
				CLANG_WARN_EMPTY_BODY = YES;
				CLANG_WARN_ENUM_CONVERSION = YES;
				CLANG_WARN_INT_CONVERSION = YES;
				CLANG_WARN_OBJC_ROOT_CLASS = YES_ERROR;
				CLANG_WARN_UNREACHABLE_CODE = YES;
				CLANG_WARN__DUPLICATE_METHOD_MATCH = YES;
				"CODE_SIGN_IDENTITY[sdk=iphoneos*]" = "iPhone Developer";
				COPY_PHASE_STRIP = NO;
				DEBUG_INFORMATION_FORMAT = dwarf;
				ENABLE_STRICT_OBJC_MSGSEND = YES;
				ENABLE_TESTABILITY = YES;
				GCC_C_LANGUAGE_STANDARD = gnu99;
				GCC_DYNAMIC_NO_PIC = NO;
				GCC_NO_COMMON_BLOCKS = YES;
				GCC_OPTIMIZATION_LEVEL = 0;
				GCC_PREPROCESSOR_DEFINITIONS = (
					"DEBUG=1",
					"$(inherited)",
				);
				GCC_WARN_64_TO_32_BIT_CONVERSION = YES;
				GCC_WARN_ABOUT_RETURN_TYPE = YES_ERROR;
				GCC_WARN_UNDECLARED_SELECTOR = YES;
				GCC_WARN_UNINITIALIZED_AUTOS = YES_AGGRESSIVE;
				GCC_WARN_UNUSED_FUNCTION = YES;
				GCC_WARN_UNUSED_VARIABLE = YES;
				IPHONEOS_DEPLOYMENT_TARGET = 9.2;
				MTL_ENABLE_DEBUG_INFO = YES;
				ONLY_ACTIVE_ARCH = YES;
				SDKROOT = iphoneos;
				SWIFT_OPTIMIZATION_LEVEL = "-Onone";
			};
			name = Debug;
		};
		B1AC1C351C76A3FF0078EDA0 /* Release */ = {
			isa = XCBuildConfiguration;
			buildSettings = {
				ALWAYS_SEARCH_USER_PATHS = NO;
				CLANG_CXX_LANGUAGE_STANDARD = "gnu++0x";
				CLANG_CXX_LIBRARY = "libc++";
				CLANG_ENABLE_MODULES = YES;
				CLANG_ENABLE_OBJC_ARC = YES;
				CLANG_WARN_BOOL_CONVERSION = YES;
				CLANG_WARN_CONSTANT_CONVERSION = YES;
				CLANG_WARN_DIRECT_OBJC_ISA_USAGE = YES_ERROR;
				CLANG_WARN_EMPTY_BODY = YES;
				CLANG_WARN_ENUM_CONVERSION = YES;
				CLANG_WARN_INT_CONVERSION = YES;
				CLANG_WARN_OBJC_ROOT_CLASS = YES_ERROR;
				CLANG_WARN_UNREACHABLE_CODE = YES;
				CLANG_WARN__DUPLICATE_METHOD_MATCH = YES;
				"CODE_SIGN_IDENTITY[sdk=iphoneos*]" = "iPhone Developer";
				COPY_PHASE_STRIP = NO;
				DEBUG_INFORMATION_FORMAT = "dwarf-with-dsym";
				ENABLE_NS_ASSERTIONS = NO;
				ENABLE_STRICT_OBJC_MSGSEND = YES;
				GCC_C_LANGUAGE_STANDARD = gnu99;
				GCC_NO_COMMON_BLOCKS = YES;
				GCC_WARN_64_TO_32_BIT_CONVERSION = YES;
				GCC_WARN_ABOUT_RETURN_TYPE = YES_ERROR;
				GCC_WARN_UNDECLARED_SELECTOR = YES;
				GCC_WARN_UNINITIALIZED_AUTOS = YES_AGGRESSIVE;
				GCC_WARN_UNUSED_FUNCTION = YES;
				GCC_WARN_UNUSED_VARIABLE = YES;
				IPHONEOS_DEPLOYMENT_TARGET = 9.2;
				MTL_ENABLE_DEBUG_INFO = NO;
				SDKROOT = iphoneos;
				VALIDATE_PRODUCT = YES;
			};
			name = Release;
		};
		B1AC1C371C76A3FF0078EDA0 /* Debug */ = {
			isa = XCBuildConfiguration;
			baseConfigurationReference = 454B4C5F471B0678CE07D45B /* Pods-AlarmApp.debug.xcconfig */;
			buildSettings = {
				ASSETCATALOG_COMPILER_APPICON_NAME = AppIcon;
				FRAMEWORK_SEARCH_PATHS = (
					"$(inherited)",
					"$(PROJECT_DIR)/Carthage/Build/iOS",
				);
				INFOPLIST_FILE = tabTest/Info.plist;
				LD_RUNPATH_SEARCH_PATHS = "$(inherited) @executable_path/Frameworks";
				PRODUCT_BUNDLE_IDENTIFIER = tsuyoshi.tonobe.tabTest;
				PRODUCT_NAME = AlarmApp;
			};
			name = Debug;
		};
		B1AC1C381C76A3FF0078EDA0 /* Release */ = {
			isa = XCBuildConfiguration;
			baseConfigurationReference = 35A4598FBD9E91B651A83860 /* Pods-AlarmApp.release.xcconfig */;
			buildSettings = {
				ASSETCATALOG_COMPILER_APPICON_NAME = AppIcon;
				FRAMEWORK_SEARCH_PATHS = (
					"$(inherited)",
					"$(PROJECT_DIR)/Carthage/Build/iOS",
				);
				INFOPLIST_FILE = tabTest/Info.plist;
				LD_RUNPATH_SEARCH_PATHS = "$(inherited) @executable_path/Frameworks";
				PRODUCT_BUNDLE_IDENTIFIER = tsuyoshi.tonobe.tabTest;
				PRODUCT_NAME = AlarmApp;
			};
			name = Release;
		};
/* End XCBuildConfiguration section */

/* Begin XCConfigurationList section */
		B1AC1C1D1C76A3FF0078EDA0 /* Build configuration list for PBXProject "AlarmApp" */ = {
			isa = XCConfigurationList;
			buildConfigurations = (
				B1AC1C341C76A3FF0078EDA0 /* Debug */,
				B1AC1C351C76A3FF0078EDA0 /* Release */,
			);
			defaultConfigurationIsVisible = 0;
			defaultConfigurationName = Release;
		};
		B1AC1C361C76A3FF0078EDA0 /* Build configuration list for PBXNativeTarget "AlarmApp" */ = {
			isa = XCConfigurationList;
			buildConfigurations = (
				B1AC1C371C76A3FF0078EDA0 /* Debug */,
				B1AC1C381C76A3FF0078EDA0 /* Release */,
			);
			defaultConfigurationIsVisible = 0;
			defaultConfigurationName = Release;
		};
/* End XCConfigurationList section */
	};
	rootObject = B1AC1C1A1C76A3FF0078EDA0 /* Project object */;
}
